// !$*UTF8*$!
{
	archiveVersion = 1;
	classes = {
	};
	objectVersion = 50;
	objects = {

/* Begin PBXBuildFile section */
		4916C1A926DF8E50004FD840 /* AppDelegate.swift in Sources */ = {isa = PBXBuildFile; fileRef = 4916C1A826DF8E50004FD840 /* AppDelegate.swift */; };
		4916C1AB26DF8E50004FD840 /* SceneDelegate.swift in Sources */ = {isa = PBXBuildFile; fileRef = 4916C1AA26DF8E50004FD840 /* SceneDelegate.swift */; };
		4916C1B026DF8E50004FD840 /* Main.storyboard in Resources */ = {isa = PBXBuildFile; fileRef = 4916C1AE26DF8E50004FD840 /* Main.storyboard */; };
		4916C1B226DF8E54004FD840 /* Assets.xcassets in Resources */ = {isa = PBXBuildFile; fileRef = 4916C1B126DF8E54004FD840 /* Assets.xcassets */; };
		4916C1B526DF8E54004FD840 /* LaunchScreen.storyboard in Resources */ = {isa = PBXBuildFile; fileRef = 4916C1B326DF8E54004FD840 /* LaunchScreen.storyboard */; };
		4916C1C026DF8E55004FD840 /* WhatsTheWeather_StarterTests.swift in Sources */ = {isa = PBXBuildFile; fileRef = 4916C1BF26DF8E55004FD840 /* WhatsTheWeather_StarterTests.swift */; };
		4916C1CB26DF8E55004FD840 /* WhatsTheWeather_StarterUITests.swift in Sources */ = {isa = PBXBuildFile; fileRef = 4916C1CA26DF8E55004FD840 /* WhatsTheWeather_StarterUITests.swift */; };
		4916C1E626DF8EB2004FD840 /* MainWeatherController.swift in Sources */ = {isa = PBXBuildFile; fileRef = 4916C1E426DF8EB2004FD840 /* MainWeatherController.swift */; };
		4916C1E726DF8EB2004FD840 /* ChangeCityViewController.swift in Sources */ = {isa = PBXBuildFile; fileRef = 4916C1E526DF8EB2004FD840 /* ChangeCityViewController.swift */; };
		4916C1EF26DF8F1A004FD840 /* WeatherDataModel.swift in Sources */ = {isa = PBXBuildFile; fileRef = 4916C1EE26DF8F1A004FD840 /* WeatherDataModel.swift */; };
/* End PBXBuildFile section */

/* Begin PBXContainerItemProxy section */
		4916C1BC26DF8E55004FD840 /* PBXContainerItemProxy */ = {
			isa = PBXContainerItemProxy;
			containerPortal = 4916C19D26DF8E50004FD840 /* Project object */;
			proxyType = 1;
			remoteGlobalIDString = 4916C1A426DF8E50004FD840;
			remoteInfo = "WhatsTheWeather-Starter";
		};
		4916C1C726DF8E55004FD840 /* PBXContainerItemProxy */ = {
			isa = PBXContainerItemProxy;
			containerPortal = 4916C19D26DF8E50004FD840 /* Project object */;
			proxyType = 1;
			remoteGlobalIDString = 4916C1A426DF8E50004FD840;
			remoteInfo = "WhatsTheWeather-Starter";
		};
/* End PBXContainerItemProxy section */

/* Begin PBXFileReference section */
		4916C1A526DF8E50004FD840 /* WhatsTheWeather-Starter.app */ = {isa = PBXFileReference; explicitFileType = wrapper.application; includeInIndex = 0; path = "WhatsTheWeather-Starter.app"; sourceTree = BUILT_PRODUCTS_DIR; };
		4916C1A826DF8E50004FD840 /* AppDelegate.swift */ = {isa = PBXFileReference; lastKnownFileType = sourcecode.swift; path = AppDelegate.swift; sourceTree = "<group>"; };
		4916C1AA26DF8E50004FD840 /* SceneDelegate.swift */ = {isa = PBXFileReference; lastKnownFileType = sourcecode.swift; path = SceneDelegate.swift; sourceTree = "<group>"; };
		4916C1AF26DF8E50004FD840 /* Base */ = {isa = PBXFileReference; lastKnownFileType = file.storyboard; name = Base; path = Base.lproj/Main.storyboard; sourceTree = "<group>"; };
		4916C1B126DF8E54004FD840 /* Assets.xcassets */ = {isa = PBXFileReference; lastKnownFileType = folder.assetcatalog; path = Assets.xcassets; sourceTree = "<group>"; };
		4916C1B426DF8E54004FD840 /* Base */ = {isa = PBXFileReference; lastKnownFileType = file.storyboard; name = Base; path = Base.lproj/LaunchScreen.storyboard; sourceTree = "<group>"; };
		4916C1B626DF8E54004FD840 /* Info.plist */ = {isa = PBXFileReference; lastKnownFileType = text.plist.xml; path = Info.plist; sourceTree = "<group>"; };
		4916C1BB26DF8E55004FD840 /* WhatsTheWeather-StarterTests.xctest */ = {isa = PBXFileReference; explicitFileType = wrapper.cfbundle; includeInIndex = 0; path = "WhatsTheWeather-StarterTests.xctest"; sourceTree = BUILT_PRODUCTS_DIR; };
		4916C1BF26DF8E55004FD840 /* WhatsTheWeather_StarterTests.swift */ = {isa = PBXFileReference; lastKnownFileType = sourcecode.swift; path = WhatsTheWeather_StarterTests.swift; sourceTree = "<group>"; };
		4916C1C126DF8E55004FD840 /* Info.plist */ = {isa = PBXFileReference; lastKnownFileType = text.plist.xml; path = Info.plist; sourceTree = "<group>"; };
		4916C1C626DF8E55004FD840 /* WhatsTheWeather-StarterUITests.xctest */ = {isa = PBXFileReference; explicitFileType = wrapper.cfbundle; includeInIndex = 0; path = "WhatsTheWeather-StarterUITests.xctest"; sourceTree = BUILT_PRODUCTS_DIR; };
		4916C1CA26DF8E55004FD840 /* WhatsTheWeather_StarterUITests.swift */ = {isa = PBXFileReference; lastKnownFileType = sourcecode.swift; path = WhatsTheWeather_StarterUITests.swift; sourceTree = "<group>"; };
		4916C1CC26DF8E55004FD840 /* Info.plist */ = {isa = PBXFileReference; lastKnownFileType = text.plist.xml; path = Info.plist; sourceTree = "<group>"; };
		4916C1E426DF8EB2004FD840 /* MainWeatherController.swift */ = {isa = PBXFileReference; fileEncoding = 4; lastKnownFileType = sourcecode.swift; path = MainWeatherController.swift; sourceTree = "<group>"; };
		4916C1E526DF8EB2004FD840 /* ChangeCityViewController.swift */ = {isa = PBXFileReference; fileEncoding = 4; lastKnownFileType = sourcecode.swift; path = ChangeCityViewController.swift; sourceTree = "<group>"; };
		4916C1EE26DF8F1A004FD840 /* WeatherDataModel.swift */ = {isa = PBXFileReference; fileEncoding = 4; lastKnownFileType = sourcecode.swift; path = WeatherDataModel.swift; sourceTree = "<group>"; };
/* End PBXFileReference section */

/* Begin PBXFrameworksBuildPhase section */
		4916C1A226DF8E50004FD840 /* Frameworks */ = {
			isa = PBXFrameworksBuildPhase;
			buildActionMask = 2147483647;
			files = (
			);
			runOnlyForDeploymentPostprocessing = 0;
		};
		4916C1B826DF8E55004FD840 /* Frameworks */ = {
			isa = PBXFrameworksBuildPhase;
			buildActionMask = 2147483647;
			files = (
			);
			runOnlyForDeploymentPostprocessing = 0;
		};
		4916C1C326DF8E55004FD840 /* Frameworks */ = {
			isa = PBXFrameworksBuildPhase;
			buildActionMask = 2147483647;
			files = (
			);
			runOnlyForDeploymentPostprocessing = 0;
		};
/* End PBXFrameworksBuildPhase section */

/* Begin PBXGroup section */
		4916C19C26DF8E50004FD840 = {
			isa = PBXGroup;
			children = (
				4916C1A726DF8E50004FD840 /* WhatsTheWeather-Starter */,
				4916C1BE26DF8E55004FD840 /* WhatsTheWeather-StarterTests */,
				4916C1C926DF8E55004FD840 /* WhatsTheWeather-StarterUITests */,
				4916C1A626DF8E50004FD840 /* Products */,
			);
			sourceTree = "<group>";
		};
		4916C1A626DF8E50004FD840 /* Products */ = {
			isa = PBXGroup;
			children = (
				4916C1A526DF8E50004FD840 /* WhatsTheWeather-Starter.app */,
				4916C1BB26DF8E55004FD840 /* WhatsTheWeather-StarterTests.xctest */,
				4916C1C626DF8E55004FD840 /* WhatsTheWeather-StarterUITests.xctest */,
			);
			name = Products;
			sourceTree = "<group>";
		};
		4916C1A726DF8E50004FD840 /* WhatsTheWeather-Starter */ = {
			isa = PBXGroup;
			children = (
				4916C1A826DF8E50004FD840 /* AppDelegate.swift */,
				4916C1AA26DF8E50004FD840 /* SceneDelegate.swift */,
				4916C1DB26DF8E60004FD840 /* Models */,
				4916C1E026DF8E7F004FD840 /* Controllers */,
				4916C1DF26DF8E6A004FD840 /* Views */,
				4916C1B626DF8E54004FD840 /* Info.plist */,
			);
			path = "WhatsTheWeather-Starter";
			sourceTree = "<group>";
		};
		4916C1BE26DF8E55004FD840 /* WhatsTheWeather-StarterTests */ = {
			isa = PBXGroup;
			children = (
				4916C1BF26DF8E55004FD840 /* WhatsTheWeather_StarterTests.swift */,
				4916C1C126DF8E55004FD840 /* Info.plist */,
			);
			path = "WhatsTheWeather-StarterTests";
			sourceTree = "<group>";
		};
		4916C1C926DF8E55004FD840 /* WhatsTheWeather-StarterUITests */ = {
			isa = PBXGroup;
			children = (
				4916C1CA26DF8E55004FD840 /* WhatsTheWeather_StarterUITests.swift */,
				4916C1CC26DF8E55004FD840 /* Info.plist */,
			);
			path = "WhatsTheWeather-StarterUITests";
			sourceTree = "<group>";
		};
		4916C1DB26DF8E60004FD840 /* Models */ = {
			isa = PBXGroup;
			children = (
				4916C1EE26DF8F1A004FD840 /* WeatherDataModel.swift */,
			);
			path = Models;
			sourceTree = "<group>";
		};
		4916C1DF26DF8E6A004FD840 /* Views */ = {
			isa = PBXGroup;
			children = (
				4916C1AE26DF8E50004FD840 /* Main.storyboard */,
				4916C1B126DF8E54004FD840 /* Assets.xcassets */,
				4916C1B326DF8E54004FD840 /* LaunchScreen.storyboard */,
			);
			path = Views;
			sourceTree = "<group>";
		};
		4916C1E026DF8E7F004FD840 /* Controllers */ = {
			isa = PBXGroup;
			children = (
				4916C1E526DF8EB2004FD840 /* ChangeCityViewController.swift */,
				4916C1E426DF8EB2004FD840 /* MainWeatherController.swift */,
			);
			path = Controllers;
			sourceTree = "<group>";
		};
/* End PBXGroup section */

/* Begin PBXNativeTarget section */
		4916C1A426DF8E50004FD840 /* WhatsTheWeather-Starter */ = {
			isa = PBXNativeTarget;
			buildConfigurationList = 4916C1CF26DF8E55004FD840 /* Build configuration list for PBXNativeTarget "WhatsTheWeather-Starter" */;
			buildPhases = (
				4916C1A126DF8E50004FD840 /* Sources */,
				4916C1A226DF8E50004FD840 /* Frameworks */,
				4916C1A326DF8E50004FD840 /* Resources */,
			);
			buildRules = (
			);
			dependencies = (
			);
			name = "WhatsTheWeather-Starter";
			productName = "WhatsTheWeather-Starter";
			productReference = 4916C1A526DF8E50004FD840 /* WhatsTheWeather-Starter.app */;
			productType = "com.apple.product-type.application";
		};
		4916C1BA26DF8E55004FD840 /* WhatsTheWeather-StarterTests */ = {
			isa = PBXNativeTarget;
			buildConfigurationList = 4916C1D226DF8E55004FD840 /* Build configuration list for PBXNativeTarget "WhatsTheWeather-StarterTests" */;
			buildPhases = (
				4916C1B726DF8E55004FD840 /* Sources */,
				4916C1B826DF8E55004FD840 /* Frameworks */,
				4916C1B926DF8E55004FD840 /* Resources */,
			);
			buildRules = (
			);
			dependencies = (
				4916C1BD26DF8E55004FD840 /* PBXTargetDependency */,
			);
			name = "WhatsTheWeather-StarterTests";
			productName = "WhatsTheWeather-StarterTests";
			productReference = 4916C1BB26DF8E55004FD840 /* WhatsTheWeather-StarterTests.xctest */;
			productType = "com.apple.product-type.bundle.unit-test";
		};
		4916C1C526DF8E55004FD840 /* WhatsTheWeather-StarterUITests */ = {
			isa = PBXNativeTarget;
			buildConfigurationList = 4916C1D526DF8E55004FD840 /* Build configuration list for PBXNativeTarget "WhatsTheWeather-StarterUITests" */;
			buildPhases = (
				4916C1C226DF8E55004FD840 /* Sources */,
				4916C1C326DF8E55004FD840 /* Frameworks */,
				4916C1C426DF8E55004FD840 /* Resources */,
			);
			buildRules = (
			);
			dependencies = (
				4916C1C826DF8E55004FD840 /* PBXTargetDependency */,
			);
			name = "WhatsTheWeather-StarterUITests";
			productName = "WhatsTheWeather-StarterUITests";
			productReference = 4916C1C626DF8E55004FD840 /* WhatsTheWeather-StarterUITests.xctest */;
			productType = "com.apple.product-type.bundle.ui-testing";
		};
/* End PBXNativeTarget section */

/* Begin PBXProject section */
		4916C19D26DF8E50004FD840 /* Project object */ = {
			isa = PBXProject;
			attributes = {
				LastSwiftUpdateCheck = 1240;
				LastUpgradeCheck = 1240;
				TargetAttributes = {
					4916C1A426DF8E50004FD840 = {
						CreatedOnToolsVersion = 12.4;
					};
					4916C1BA26DF8E55004FD840 = {
						CreatedOnToolsVersion = 12.4;
						TestTargetID = 4916C1A426DF8E50004FD840;
					};
					4916C1C526DF8E55004FD840 = {
						CreatedOnToolsVersion = 12.4;
						TestTargetID = 4916C1A426DF8E50004FD840;
					};
				};
			};
			buildConfigurationList = 4916C1A026DF8E50004FD840 /* Build configuration list for PBXProject "WhatsTheWeather-Starter" */;
			compatibilityVersion = "Xcode 9.3";
			developmentRegion = en;
			hasScannedForEncodings = 0;
			knownRegions = (
				en,
				Base,
			);
			mainGroup = 4916C19C26DF8E50004FD840;
			productRefGroup = 4916C1A626DF8E50004FD840 /* Products */;
			projectDirPath = "";
			projectRoot = "";
			targets = (
				4916C1A426DF8E50004FD840 /* WhatsTheWeather-Starter */,
				4916C1BA26DF8E55004FD840 /* WhatsTheWeather-StarterTests */,
				4916C1C526DF8E55004FD840 /* WhatsTheWeather-StarterUITests */,
			);
		};
/* End PBXProject section */

/* Begin PBXResourcesBuildPhase section */
		4916C1A326DF8E50004FD840 /* Resources */ = {
			isa = PBXResourcesBuildPhase;
			buildActionMask = 2147483647;
			files = (
				4916C1B526DF8E54004FD840 /* LaunchScreen.storyboard in Resources */,
				4916C1B226DF8E54004FD840 /* Assets.xcassets in Resources */,
				4916C1B026DF8E50004FD840 /* Main.storyboard in Resources */,
			);
			runOnlyForDeploymentPostprocessing = 0;
		};
		4916C1B926DF8E55004FD840 /* Resources */ = {
			isa = PBXResourcesBuildPhase;
			buildActionMask = 2147483647;
			files = (
			);
			runOnlyForDeploymentPostprocessing = 0;
		};
		4916C1C426DF8E55004FD840 /* Resources */ = {
			isa = PBXResourcesBuildPhase;
			buildActionMask = 2147483647;
			files = (
			);
			runOnlyForDeploymentPostprocessing = 0;
		};
/* End PBXResourcesBuildPhase section */

/* Begin PBXSourcesBuildPhase section */
		4916C1A126DF8E50004FD840 /* Sources */ = {
			isa = PBXSourcesBuildPhase;
			buildActionMask = 2147483647;
			files = (
				4916C1A926DF8E50004FD840 /* AppDelegate.swift in Sources */,
				4916C1EF26DF8F1A004FD840 /* WeatherDataModel.swift in Sources */,
				4916C1AB26DF8E50004FD840 /* SceneDelegate.swift in Sources */,
				4916C1E726DF8EB2004FD840 /* ChangeCityViewController.swift in Sources */,
				4916C1E626DF8EB2004FD840 /* MainWeatherController.swift in Sources */,
			);
			runOnlyForDeploymentPostprocessing = 0;
		};
		4916C1B726DF8E55004FD840 /* Sources */ = {
			isa = PBXSourcesBuildPhase;
			buildActionMask = 2147483647;
			files = (
				4916C1C026DF8E55004FD840 /* WhatsTheWeather_StarterTests.swift in Sources */,
			);
			runOnlyForDeploymentPostprocessing = 0;
		};
		4916C1C226DF8E55004FD840 /* Sources */ = {
			isa = PBXSourcesBuildPhase;
			buildActionMask = 2147483647;
			files = (
				4916C1CB26DF8E55004FD840 /* WhatsTheWeather_StarterUITests.swift in Sources */,
			);
			runOnlyForDeploymentPostprocessing = 0;
		};
/* End PBXSourcesBuildPhase section */

/* Begin PBXTargetDependency section */
		4916C1BD26DF8E55004FD840 /* PBXTargetDependency */ = {
			isa = PBXTargetDependency;
			target = 4916C1A426DF8E50004FD840 /* WhatsTheWeather-Starter */;
			targetProxy = 4916C1BC26DF8E55004FD840 /* PBXContainerItemProxy */;
		};
		4916C1C826DF8E55004FD840 /* PBXTargetDependency */ = {
			isa = PBXTargetDependency;
			target = 4916C1A426DF8E50004FD840 /* WhatsTheWeather-Starter */;
			targetProxy = 4916C1C726DF8E55004FD840 /* PBXContainerItemProxy */;
		};
/* End PBXTargetDependency section */

/* Begin PBXVariantGroup section */
		4916C1AE26DF8E50004FD840 /* Main.storyboard */ = {
			isa = PBXVariantGroup;
			children = (
				4916C1AF26DF8E50004FD840 /* Base */,
			);
			name = Main.storyboard;
			sourceTree = "<group>";
		};
		4916C1B326DF8E54004FD840 /* LaunchScreen.storyboard */ = {
			isa = PBXVariantGroup;
			children = (
				4916C1B426DF8E54004FD840 /* Base */,
			);
			name = LaunchScreen.storyboard;
			sourceTree = "<group>";
		};
/* End PBXVariantGroup section */

/* Begin XCBuildConfiguration section */
		4916C1CD26DF8E55004FD840 /* Debug */ = {
			isa = XCBuildConfiguration;
			buildSettings = {
				ALWAYS_SEARCH_USER_PATHS = NO;
				CLANG_ANALYZER_NONNULL = YES;
				CLANG_ANALYZER_NUMBER_OBJECT_CONVERSION = YES_AGGRESSIVE;
				CLANG_CXX_LANGUAGE_STANDARD = "gnu++14";
				CLANG_CXX_LIBRARY = "libc++";
				CLANG_ENABLE_MODULES = YES;
				CLANG_ENABLE_OBJC_ARC = YES;
				CLANG_ENABLE_OBJC_WEAK = YES;
				CLANG_WARN_BLOCK_CAPTURE_AUTORELEASING = YES;
				CLANG_WARN_BOOL_CONVERSION = YES;
				CLANG_WARN_COMMA = YES;
				CLANG_WARN_CONSTANT_CONVERSION = YES;
				CLANG_WARN_DEPRECATED_OBJC_IMPLEMENTATIONS = YES;
				CLANG_WARN_DIRECT_OBJC_ISA_USAGE = YES_ERROR;
				CLANG_WARN_DOCUMENTATION_COMMENTS = YES;
				CLANG_WARN_EMPTY_BODY = YES;
				CLANG_WARN_ENUM_CONVERSION = YES;
				CLANG_WARN_INFINITE_RECURSION = YES;
				CLANG_WARN_INT_CONVERSION = YES;
				CLANG_WARN_NON_LITERAL_NULL_CONVERSION = YES;
				CLANG_WARN_OBJC_IMPLICIT_RETAIN_SELF = YES;
				CLANG_WARN_OBJC_LITERAL_CONVERSION = YES;
				CLANG_WARN_OBJC_ROOT_CLASS = YES_ERROR;
				CLANG_WARN_QUOTED_INCLUDE_IN_FRAMEWORK_HEADER = YES;
				CLANG_WARN_RANGE_LOOP_ANALYSIS = YES;
				CLANG_WARN_STRICT_PROTOTYPES = YES;
				CLANG_WARN_SUSPICIOUS_MOVE = YES;
				CLANG_WARN_UNGUARDED_AVAILABILITY = YES_AGGRESSIVE;
				CLANG_WARN_UNREACHABLE_CODE = YES;
				CLANG_WARN__DUPLICATE_METHOD_MATCH = YES;
				COPY_PHASE_STRIP = NO;
				DEBUG_INFORMATION_FORMAT = dwarf;
				ENABLE_STRICT_OBJC_MSGSEND = YES;
				ENABLE_TESTABILITY = YES;
				GCC_C_LANGUAGE_STANDARD = gnu11;
				GCC_DYNAMIC_NO_PIC = NO;
				GCC_NO_COMMON_BLOCKS = YES;
				GCC_OPTIMIZATION_LEVEL = 0;
				GCC_PREPROCESSOR_DEFINITIONS = (
					"DEBUG=1",
					"$(inherited)",
				);
				GCC_WARN_64_TO_32_BIT_CONVERSION = YES;
				GCC_WARN_ABOUT_RETURN_TYPE = YES_ERROR;
				GCC_WARN_UNDECLARED_SELECTOR = YES;
				GCC_WARN_UNINITIALIZED_AUTOS = YES_AGGRESSIVE;
				GCC_WARN_UNUSED_FUNCTION = YES;
				GCC_WARN_UNUSED_VARIABLE = YES;
				IPHONEOS_DEPLOYMENT_TARGET = 14.4;
				MTL_ENABLE_DEBUG_INFO = INCLUDE_SOURCE;
				MTL_FAST_MATH = YES;
				ONLY_ACTIVE_ARCH = YES;
				SDKROOT = iphoneos;
				SWIFT_ACTIVE_COMPILATION_CONDITIONS = DEBUG;
				SWIFT_OPTIMIZATION_LEVEL = "-Onone";
			};
			name = Debug;
		};
		4916C1CE26DF8E55004FD840 /* Release */ = {
			isa = XCBuildConfiguration;
			buildSettings = {
				ALWAYS_SEARCH_USER_PATHS = NO;
				CLANG_ANALYZER_NONNULL = YES;
				CLANG_ANALYZER_NUMBER_OBJECT_CONVERSION = YES_AGGRESSIVE;
				CLANG_CXX_LANGUAGE_STANDARD = "gnu++14";
				CLANG_CXX_LIBRARY = "libc++";
				CLANG_ENABLE_MODULES = YES;
				CLANG_ENABLE_OBJC_ARC = YES;
				CLANG_ENABLE_OBJC_WEAK = YES;
				CLANG_WARN_BLOCK_CAPTURE_AUTORELEASING = YES;
				CLANG_WARN_BOOL_CONVERSION = YES;
				CLANG_WARN_COMMA = YES;
				CLANG_WARN_CONSTANT_CONVERSION = YES;
				CLANG_WARN_DEPRECATED_OBJC_IMPLEMENTATIONS = YES;
				CLANG_WARN_DIRECT_OBJC_ISA_USAGE = YES_ERROR;
				CLANG_WARN_DOCUMENTATION_COMMENTS = YES;
				CLANG_WARN_EMPTY_BODY = YES;
				CLANG_WARN_ENUM_CONVERSION = YES;
				CLANG_WARN_INFINITE_RECURSION = YES;
				CLANG_WARN_INT_CONVERSION = YES;
				CLANG_WARN_NON_LITERAL_NULL_CONVERSION = YES;
				CLANG_WARN_OBJC_IMPLICIT_RETAIN_SELF = YES;
				CLANG_WARN_OBJC_LITERAL_CONVERSION = YES;
				CLANG_WARN_OBJC_ROOT_CLASS = YES_ERROR;
				CLANG_WARN_QUOTED_INCLUDE_IN_FRAMEWORK_HEADER = YES;
				CLANG_WARN_RANGE_LOOP_ANALYSIS = YES;
				CLANG_WARN_STRICT_PROTOTYPES = YES;
				CLANG_WARN_SUSPICIOUS_MOVE = YES;
				CLANG_WARN_UNGUARDED_AVAILABILITY = YES_AGGRESSIVE;
				CLANG_WARN_UNREACHABLE_CODE = YES;
				CLANG_WARN__DUPLICATE_METHOD_MATCH = YES;
				COPY_PHASE_STRIP = NO;
				DEBUG_INFORMATION_FORMAT = "dwarf-with-dsym";
				ENABLE_NS_ASSERTIONS = NO;
				ENABLE_STRICT_OBJC_MSGSEND = YES;
				GCC_C_LANGUAGE_STANDARD = gnu11;
				GCC_NO_COMMON_BLOCKS = YES;
				GCC_WARN_64_TO_32_BIT_CONVERSION = YES;
				GCC_WARN_ABOUT_RETURN_TYPE = YES_ERROR;
				GCC_WARN_UNDECLARED_SELECTOR = YES;
				GCC_WARN_UNINITIALIZED_AUTOS = YES_AGGRESSIVE;
				GCC_WARN_UNUSED_FUNCTION = YES;
				GCC_WARN_UNUSED_VARIABLE = YES;
				IPHONEOS_DEPLOYMENT_TARGET = 14.4;
				MTL_ENABLE_DEBUG_INFO = NO;
				MTL_FAST_MATH = YES;
				SDKROOT = iphoneos;
				SWIFT_COMPILATION_MODE = wholemodule;
				SWIFT_OPTIMIZATION_LEVEL = "-O";
				VALIDATE_PRODUCT = YES;
			};
			name = Release;
		};
		4916C1D026DF8E55004FD840 /* Debug */ = {
			isa = XCBuildConfiguration;
			buildSettings = {
				ASSETCATALOG_COMPILER_APPICON_NAME = AppIcon;
				ASSETCATALOG_COMPILER_GLOBAL_ACCENT_COLOR_NAME = AccentColor;
				CODE_SIGN_STYLE = Automatic;
				DEVELOPMENT_TEAM = 54N7YNN2NY;
				INFOPLIST_FILE = "WhatsTheWeather-Starter/Info.plist";
				LD_RUNPATH_SEARCH_PATHS = (
					"$(inherited)",
					"@executable_path/Frameworks",
				);
				PRODUCT_BUNDLE_IDENTIFIER = "com.DerickX.WhatsTheWeather-Starter";
				PRODUCT_NAME = "$(TARGET_NAME)";
				SWIFT_VERSION = 5.0;
				TARGETED_DEVICE_FAMILY = "1,2";
			};
			name = Debug;
		};
		4916C1D126DF8E55004FD840 /* Release */ = {
			isa = XCBuildConfiguration;
			buildSettings = {
				ASSETCATALOG_COMPILER_APPICON_NAME = AppIcon;
				ASSETCATALOG_COMPILER_GLOBAL_ACCENT_COLOR_NAME = AccentColor;
				CODE_SIGN_STYLE = Automatic;
				DEVELOPMENT_TEAM = 54N7YNN2NY;
				INFOPLIST_FILE = "WhatsTheWeather-Starter/Info.plist";
				LD_RUNPATH_SEARCH_PATHS = (
					"$(inherited)",
					"@executable_path/Frameworks",
				);
				PRODUCT_BUNDLE_IDENTIFIER = "com.DerickX.WhatsTheWeather-Starter";
				PRODUCT_NAME = "$(TARGET_NAME)";
				SWIFT_VERSION = 5.0;
				TARGETED_DEVICE_FAMILY = "1,2";
			};
			name = Release;
		};
		4916C1D326DF8E55004FD840 /* Debug */ = {
			isa = XCBuildConfiguration;
			buildSettings = {
				ALWAYS_EMBED_SWIFT_STANDARD_LIBRARIES = YES;
				BUNDLE_LOADER = "$(TEST_HOST)";
				CODE_SIGN_STYLE = Automatic;
				DEVELOPMENT_TEAM = 54N7YNN2NY;
				INFOPLIST_FILE = "WhatsTheWeather-StarterTests/Info.plist";
				IPHONEOS_DEPLOYMENT_TARGET = 14.4;
				LD_RUNPATH_SEARCH_PATHS = (
					"$(inherited)",
					"@executable_path/Frameworks",
					"@loader_path/Frameworks",
				);
				PRODUCT_BUNDLE_IDENTIFIER = "com.DerickX.WhatsTheWeather-StarterTests";
				PRODUCT_NAME = "$(TARGET_NAME)";
				SWIFT_VERSION = 5.0;
				TARGETED_DEVICE_FAMILY = "1,2";
				TEST_HOST = "$(BUILT_PRODUCTS_DIR)/WhatsTheWeather-Starter.app/WhatsTheWeather-Starter";
			};
			name = Debug;
		};
		4916C1D426DF8E55004FD840 /* Release */ = {
			isa = XCBuildConfiguration;
			buildSettings = {
				ALWAYS_EMBED_SWIFT_STANDARD_LIBRARIES = YES;
				BUNDLE_LOADER = "$(TEST_HOST)";
				CODE_SIGN_STYLE = Automatic;
				DEVELOPMENT_TEAM = 54N7YNN2NY;
				INFOPLIST_FILE = "WhatsTheWeather-StarterTests/Info.plist";
				IPHONEOS_DEPLOYMENT_TARGET = 14.4;
				LD_RUNPATH_SEARCH_PATHS = (
					"$(inherited)",
					"@executable_path/Frameworks",
					"@loader_path/Frameworks",
				);
				PRODUCT_BUNDLE_IDENTIFIER = "com.DerickX.WhatsTheWeather-StarterTests";
				PRODUCT_NAME = "$(TARGET_NAME)";
				SWIFT_VERSION = 5.0;
				TARGETED_DEVICE_FAMILY = "1,2";
				TEST_HOST = "$(BUILT_PRODUCTS_DIR)/WhatsTheWeather-Starter.app/WhatsTheWeather-Starter";
			};
			name = Release;
		};
		4916C1D626DF8E55004FD840 /* Debug */ = {
			isa = XCBuildConfiguration;
			buildSettings = {
				ALWAYS_EMBED_SWIFT_STANDARD_LIBRARIES = YES;
				CODE_SIGN_STYLE = Automatic;
				DEVELOPMENT_TEAM = 54N7YNN2NY;
				INFOPLIST_FILE = "WhatsTheWeather-StarterUITests/Info.plist";
				LD_RUNPATH_SEARCH_PATHS = (
					"$(inherited)",
					"@executable_path/Frameworks",
					"@loader_path/Frameworks",
				);
				PRODUCT_BUNDLE_IDENTIFIER = "com.DerickX.WhatsTheWeather-StarterUITests";
				PRODUCT_NAME = "$(TARGET_NAME)";
				SWIFT_VERSION = 5.0;
				TARGETED_DEVICE_FAMILY = "1,2";
				TEST_TARGET_NAME = "WhatsTheWeather-Starter";
			};
			name = Debug;
		};
		4916C1D726DF8E55004FD840 /* Release */ = {
			isa = XCBuildConfiguration;
			buildSettings = {
				ALWAYS_EMBED_SWIFT_STANDARD_LIBRARIES = YES;
				CODE_SIGN_STYLE = Automatic;
				DEVELOPMENT_TEAM = 54N7YNN2NY;
				INFOPLIST_FILE = "WhatsTheWeather-StarterUITests/Info.plist";
				LD_RUNPATH_SEARCH_PATHS = (
					"$(inherited)",
					"@executable_path/Frameworks",
					"@loader_path/Frameworks",
				);
				PRODUCT_BUNDLE_IDENTIFIER = "com.DerickX.WhatsTheWeather-StarterUITests";
				PRODUCT_NAME = "$(TARGET_NAME)";
				SWIFT_VERSION = 5.0;
				TARGETED_DEVICE_FAMILY = "1,2";
				TEST_TARGET_NAME = "WhatsTheWeather-Starter";
			};
			name = Release;
		};
/* End XCBuildConfiguration section */

/* Begin XCConfigurationList section */
		4916C1A026DF8E50004FD840 /* Build configuration list for PBXProject "WhatsTheWeather-Starter" */ = {
			isa = XCConfigurationList;
			buildConfigurations = (
				4916C1CD26DF8E55004FD840 /* Debug */,
				4916C1CE26DF8E55004FD840 /* Release */,
			);
			defaultConfigurationIsVisible = 0;
			defaultConfigurationName = Release;
		};
		4916C1CF26DF8E55004FD840 /* Build configuration list for PBXNativeTarget "WhatsTheWeather-Starter" */ = {
			isa = XCConfigurationList;
			buildConfigurations = (
				4916C1D026DF8E55004FD840 /* Debug */,
				4916C1D126DF8E55004FD840 /* Release */,
			);
			defaultConfigurationIsVisible = 0;
			defaultConfigurationName = Release;
		};
		4916C1D226DF8E55004FD840 /* Build configuration list for PBXNativeTarget "WhatsTheWeather-StarterTests" */ = {
			isa = XCConfigurationList;
			buildConfigurations = (
				4916C1D326DF8E55004FD840 /* Debug */,
				4916C1D426DF8E55004FD840 /* Release */,
			);
			defaultConfigurationIsVisible = 0;
			defaultConfigurationName = Release;
		};
		4916C1D526DF8E55004FD840 /* Build configuration list for PBXNativeTarget "WhatsTheWeather-StarterUITests" */ = {
			isa = XCConfigurationList;
			buildConfigurations = (
				4916C1D626DF8E55004FD840 /* Debug */,
				4916C1D726DF8E55004FD840 /* Release */,
			);
			defaultConfigurationIsVisible = 0;
			defaultConfigurationName = Release;
		};
/* End XCConfigurationList section */
	};
	rootObject = 4916C19D26DF8E50004FD840 /* Project object */;
}
